{
  "name": "magicmirror",
  "version": "1.0.0",
  "lockfileVersion": 1,
  "requires": true,
  "dependencies": {
    "data-uri-to-buffer": {
      "version": "4.0.0",
      "resolved": "https://fast.cloud.scout24.com/artifactory/api/npm/npm/data-uri-to-buffer/-/data-uri-to-buffer-4.0.0.tgz",
      "integrity": "sha1-tdtGrqUPYXZCisBbc745pXcBpks="
    },
    "fetch-blob": {
      "version": "3.1.3",
      "resolved": "https://fast.cloud.scout24.com/artifactory/api/npm/npm/fetch-blob/-/fetch-blob-3.1.3.tgz",
      "integrity": "sha1-p9ykhV450+PFodpi1O4zXDfSYBI=",
      "requires": {
        "web-streams-polyfill": "^3.0.3"
      }
    },
    "formdata-polyfill": {
      "version": "4.0.10",
      "resolved": "https://fast.cloud.scout24.com/artifactory/api/npm/npm/formdata-polyfill/-/formdata-polyfill-4.0.10.tgz",
      "integrity": "sha1-JIB8McnUAuACqz2McgFEzriEhCM=",
      "requires": {
        "fetch-blob": "^3.1.2"
      }
    },
    "node-fetch": {
      "version": "3.1.0",
      "resolved": "https://fast.cloud.scout24.com/artifactory/api/npm/npm/node-fetch/-/node-fetch-3.1.0.tgz",
      "integrity": "sha1-cU9JItwnAjlIdlTq7quGuCBstS4=",
      "requires": {
        "data-uri-to-buffer": "^4.0.0",
        "fetch-blob": "^3.1.2",
        "formdata-polyfill": "^4.0.10"
      }
    },
    "web-streams-polyfill": {
      "version": "3.2.0",
      "resolved": "https://fast.cloud.scout24.com/artifactory/api/npm/npm/web-streams-polyfill/-/web-streams-polyfill-3.2.0.tgz",
      "integrity": "sha1-prdAJrOOSIWGn7XFiekLlcz8eWU="
    }
  }
}
